
Microsoft Visual Studio Solution File, Format Version 12.00
# Visual Studio Version 17
VisualStudioVersion = 17.4.33122.133
MinimumVisualStudioVersion = 10.0.40219.1
Project("{FAE04EC0-301F-11D3-BF4B-00C04F79EFBC}") = "WEBCRAWLERSONPROJE", "WEBCRAWLERSONPROJE\WEBCRAWLERSONPROJE.csproj", "{98E16C80-99B0-4AAE-A662-CF28608D4243}"
EndProject
Global
	GlobalSection(SolutionConfigurationPlatforms) = preSolution
		Debug|Any CPU = Debug|Any CPU
		Release|Any CPU = Release|Any CPU
	EndGlobalSection
	GlobalSection(ProjectConfigurationPlatforms) = postSolution
		{98E16C80-99B0-4AAE-A662-CF28608D4243}.Debug|Any CPU.ActiveCfg = Debug|Any CPU
		{98E16C80-99B0-4AAE-A662-CF28608D4243}.Debug|Any CPU.Build.0 = Debug|Any CPU
		{98E16C80-99B0-4AAE-A662-CF28608D4243}.Release|Any CPU.ActiveCfg = Release|Any CPU
		{98E16C80-99B0-4AAE-A662-CF28608D4243}.Release|Any CPU.Build.0 = Release|Any CPU
	EndGlobalSection
	GlobalSection(SolutionProperties) = preSolution
		HideSolutionNode = FALSE
	EndGlobalSection
	GlobalSection(ExtensibilityGlobals) = postSolution
		SolutionGuid = {B81BA596-4457-404E-A677-3E0256634C8F}
	EndGlobalSection
EndGlobal
